
Microsoft Visual Studio Solution File, Format Version 12.00
# Visual Studio Version 16
VisualStudioVersion = 16.0.29418.71
MinimumVisualStudioVersion = 10.0.40219.1
Project("{FAE04EC0-301F-11D3-BF4B-00C04F79EFBC}") = "CalculadoraBar.UWP", "CalculadoraBar\CalculadoraBar.UWP\CalculadoraBar.UWP.csproj", "{328CA57D-CD1F-46B4-9F85-8C25A38284A0}"
EndProject
Project("{FAE04EC0-301F-11D3-BF4B-00C04F79EFBC}") = "CalculadoraBar.Android", "CalculadoraBar\CalculadoraBar.Android\CalculadoraBar.Android.csproj", "{FCACB338-C26B-4100-9061-5C54DBE8D5E9}"
EndProject
Project("{FAE04EC0-301F-11D3-BF4B-00C04F79EFBC}") = "CalculadoraBar.iOS", "CalculadoraBar\CalculadoraBar.iOS\CalculadoraBar.iOS.csproj", "{001DF865-B69B-499C-85E6-164ABDE69FA0}"
EndProject
Project("{FAE04EC0-301F-11D3-BF4B-00C04F79EFBC}") = "CalculadoraBar", "CalculadoraBar\CalculadoraBar\CalculadoraBar.csproj", "{92294EFA-1143-4DC1-AAEA-FB4719E256FE}"
EndProject
Global
	GlobalSection(SolutionConfigurationPlatforms) = preSolution
		Debug|Any CPU = Debug|Any CPU
		Debug|ARM = Debug|ARM
		Debug|iPhone = Debug|iPhone
		Debug|iPhoneSimulator = Debug|iPhoneSimulator
		Debug|x64 = Debug|x64
		Debug|x86 = Debug|x86
		Release|Any CPU = Release|Any CPU
		Release|ARM = Release|ARM
		Release|iPhone = Release|iPhone
		Release|iPhoneSimulator = Release|iPhoneSimulator
		Release|x64 = Release|x64
		Release|x86 = Release|x86
	EndGlobalSection
	GlobalSection(ProjectConfigurationPlatforms) = postSolution
		{328CA57D-CD1F-46B4-9F85-8C25A38284A0}.Debug|Any CPU.ActiveCfg = Debug|x86
		{328CA57D-CD1F-46B4-9F85-8C25A38284A0}.Debug|Any CPU.Build.0 = Debug|x86
		{328CA57D-CD1F-46B4-9F85-8C25A38284A0}.Debug|Any CPU.Deploy.0 = Debug|x86
		{328CA57D-CD1F-46B4-9F85-8C25A38284A0}.Debug|ARM.ActiveCfg = Debug|ARM
		{328CA57D-CD1F-46B4-9F85-8C25A38284A0}.Debug|ARM.Build.0 = Debug|ARM
		{328CA57D-CD1F-46B4-9F85-8C25A38284A0}.Debug|ARM.Deploy.0 = Debug|ARM
		{328CA57D-CD1F-46B4-9F85-8C25A38284A0}.Debug|iPhone.ActiveCfg = Debug|x86
		{328CA57D-CD1F-46B4-9F85-8C25A38284A0}.Debug|iPhone.Build.0 = Debug|x86
		{328CA57D-CD1F-46B4-9F85-8C25A38284A0}.Debug|iPhone.Deploy.0 = Debug|x86
		{328CA57D-CD1F-46B4-9F85-8C25A38284A0}.Debug|iPhoneSimulator.ActiveCfg = Debug|x86
		{328CA57D-CD1F-46B4-9F85-8C25A38284A0}.Debug|iPhoneSimulator.Build.0 = Debug|x86
		{328CA57D-CD1F-46B4-9F85-8C25A38284A0}.Debug|iPhoneSimulator.Deploy.0 = Debug|x86
		{328CA57D-CD1F-46B4-9F85-8C25A38284A0}.Debug|x64.ActiveCfg = Debug|x64
		{328CA57D-CD1F-46B4-9F85-8C25A38284A0}.Debug|x64.Build.0 = Debug|x64
		{328CA57D-CD1F-46B4-9F85-8C25A38284A0}.Debug|x64.Deploy.0 = Debug|x64
		{328CA57D-CD1F-46B4-9F85-8C25A38284A0}.Debug|x86.ActiveCfg = Debug|x86
		{328CA57D-CD1F-46B4-9F85-8C25A38284A0}.Debug|x86.Build.0 = Debug|x86
		{328CA57D-CD1F-46B4-9F85-8C25A38284A0}.Debug|x86.Deploy.0 = Debug|x86
		{328CA57D-CD1F-46B4-9F85-8C25A38284A0}.Release|Any CPU.ActiveCfg = Release|x86
		{328CA57D-CD1F-46B4-9F85-8C25A38284A0}.Release|Any CPU.Build.0 = Release|x86
		{328CA57D-CD1F-46B4-9F85-8C25A38284A0}.Release|Any CPU.Deploy.0 = Release|x86
		{328CA57D-CD1F-46B4-9F85-8C25A38284A0}.Release|ARM.ActiveCfg = Release|ARM
		{328CA57D-CD1F-46B4-9F85-8C25A38284A0}.Release|ARM.Build.0 = Release|ARM
		{328CA57D-CD1F-46B4-9F85-8C25A38284A0}.Release|ARM.Deploy.0 = Release|ARM
		{328CA57D-CD1F-46B4-9F85-8C25A38284A0}.Release|iPhone.ActiveCfg = Release|x86
		{328CA57D-CD1F-46B4-9F85-8C25A38284A0}.Release|iPhone.Build.0 = Release|x86
		{328CA57D-CD1F-46B4-9F85-8C25A38284A0}.Release|iPhone.Deploy.0 = Release|x86
		{328CA57D-CD1F-46B4-9F85-8C25A38284A0}.Release|iPhoneSimulator.ActiveCfg = Release|x86
		{328CA57D-CD1F-46B4-9F85-8C25A38284A0}.Release|iPhoneSimulator.Build.0 = Release|x86
		{328CA57D-CD1F-46B4-9F85-8C25A38284A0}.Release|iPhoneSimulator.Deploy.0 = Release|x86
		{328CA57D-CD1F-46B4-9F85-8C25A38284A0}.Release|x64.ActiveCfg = Release|x64
		{328CA57D-CD1F-46B4-9F85-8C25A38284A0}.Release|x64.Build.0 = Release|x64
		{328CA57D-CD1F-46B4-9F85-8C25A38284A0}.Release|x64.Deploy.0 = Release|x64
		{328CA57D-CD1F-46B4-9F85-8C25A38284A0}.Release|x86.ActiveCfg = Release|x86
		{328CA57D-CD1F-46B4-9F85-8C25A38284A0}.Release|x86.Build.0 = Release|x86
		{328CA57D-CD1F-46B4-9F85-8C25A38284A0}.Release|x86.Deploy.0 = Release|x86
		{FCACB338-C26B-4100-9061-5C54DBE8D5E9}.Debug|Any CPU.ActiveCfg = Debug|Any CPU
		{FCACB338-C26B-4100-9061-5C54DBE8D5E9}.Debug|Any CPU.Build.0 = Debug|Any CPU
		{FCACB338-C26B-4100-9061-5C54DBE8D5E9}.Debug|Any CPU.Deploy.0 = Debug|Any CPU
		{FCACB338-C26B-4100-9061-5C54DBE8D5E9}.Debug|ARM.ActiveCfg = Debug|Any CPU
		{FCACB338-C26B-4100-9061-5C54DBE8D5E9}.Debug|ARM.Build.0 = Debug|Any CPU
		{FCACB338-C26B-4100-9061-5C54DBE8D5E9}.Debug|ARM.Deploy.0 = Debug|Any CPU
		{FCACB338-C26B-4100-9061-5C54DBE8D5E9}.Debug|iPhone.ActiveCfg = Debug|Any CPU
		{FCACB338-C26B-4100-9061-5C54DBE8D5E9}.Debug|iPhone.Build.0 = Debug|Any CPU
		{FCACB338-C26B-4100-9061-5C54DBE8D5E9}.Debug|iPhone.Deploy.0 = Debug|Any CPU
		{FCACB338-C26B-4100-9061-5C54DBE8D5E9}.Debug|iPhoneSimulator.ActiveCfg = Debug|Any CPU
		{FCACB338-C26B-4100-9061-5C54DBE8D5E9}.Debug|iPhoneSimulator.Build.0 = Debug|Any CPU
		{FCACB338-C26B-4100-9061-5C54DBE8D5E9}.Debug|iPhoneSimulator.Deploy.0 = Debug|Any CPU
		{FCACB338-C26B-4100-9061-5C54DBE8D5E9}.Debug|x64.ActiveCfg = Debug|Any CPU
		{FCACB338-C26B-4100-9061-5C54DBE8D5E9}.Debug|x64.Build.0 = Debug|Any CPU
		{FCACB338-C26B-4100-9061-5C54DBE8D5E9}.Debug|x64.Deploy.0 = Debug|Any CPU
		{FCACB338-C26B-4100-9061-5C54DBE8D5E9}.Debug|x86.ActiveCfg = Debug|Any CPU
		{FCACB338-C26B-4100-9061-5C54DBE8D5E9}.Debug|x86.Build.0 = Debug|Any CPU
		{FCACB338-C26B-4100-9061-5C54DBE8D5E9}.Debug|x86.Deploy.0 = Debug|Any CPU
		{FCACB338-C26B-4100-9061-5C54DBE8D5E9}.Release|Any CPU.ActiveCfg = Release|Any CPU
		{FCACB338-C26B-4100-9061-5C54DBE8D5E9}.Release|Any CPU.Build.0 = Release|Any CPU
		{FCACB338-C26B-4100-9061-5C54DBE8D5E9}.Release|Any CPU.Deploy.0 = Release|Any CPU
		{FCACB338-C26B-4100-9061-5C54DBE8D5E9}.Release|ARM.ActiveCfg = Release|Any CPU
		{FCACB338-C26B-4100-9061-5C54DBE8D5E9}.Release|ARM.Build.0 = Release|Any CPU
		{FCACB338-C26B-4100-9061-5C54DBE8D5E9}.Release|ARM.Deploy.0 = Release|Any CPU
		{FCACB338-C26B-4100-9061-5C54DBE8D5E9}.Release|iPhone.ActiveCfg = Release|Any CPU
		{FCACB338-C26B-4100-9061-5C54DBE8D5E9}.Release|iPhone.Build.0 = Release|Any CPU
		{FCACB338-C26B-4100-9061-5C54DBE8D5E9}.Release|iPhone.Deploy.0 = Release|Any CPU
		{FCACB338-C26B-4100-9061-5C54DBE8D5E9}.Release|iPhoneSimulator.ActiveCfg = Release|Any CPU
		{FCACB338-C26B-4100-9061-5C54DBE8D5E9}.Release|iPhoneSimulator.Build.0 = Release|Any CPU
		{FCACB338-C26B-4100-9061-5C54DBE8D5E9}.Release|iPhoneSimulator.Deploy.0 = Release|Any CPU
		{FCACB338-C26B-4100-9061-5C54DBE8D5E9}.Release|x64.ActiveCfg = Release|Any CPU
		{FCACB338-C26B-4100-9061-5C54DBE8D5E9}.Release|x64.Build.0 = Release|Any CPU
		{FCACB338-C26B-4100-9061-5C54DBE8D5E9}.Release|x64.Deploy.0 = Release|Any CPU
		{FCACB338-C26B-4100-9061-5C54DBE8D5E9}.Release|x86.ActiveCfg = Release|Any CPU
		{FCACB338-C26B-4100-9061-5C54DBE8D5E9}.Release|x86.Build.0 = Release|Any CPU
		{FCACB338-C26B-4100-9061-5C54DBE8D5E9}.Release|x86.Deploy.0 = Release|Any CPU
		{001DF865-B69B-499C-85E6-164ABDE69FA0}.Debug|Any CPU.ActiveCfg = Debug|iPhone
		{001DF865-B69B-499C-85E6-164ABDE69FA0}.Debug|Any CPU.Build.0 = Debug|iPhone
		{001DF865-B69B-499C-85E6-164ABDE69FA0}.Debug|Any CPU.Deploy.0 = Debug|iPhone
		{001DF865-B69B-499C-85E6-164ABDE69FA0}.Debug|ARM.ActiveCfg = Debug|iPhoneSimulator
		{001DF865-B69B-499C-85E6-164ABDE69FA0}.Debug|ARM.Build.0 = Debug|iPhoneSimulator
		{001DF865-B69B-499C-85E6-164ABDE69FA0}.Debug|ARM.Deploy.0 = Debug|iPhoneSimulator
		{001DF865-B69B-499C-85E6-164ABDE69FA0}.Debug|iPhone.ActiveCfg = Debug|iPhone
		{001DF865-B69B-499C-85E6-164ABDE69FA0}.Debug|iPhone.Build.0 = Debug|iPhone
		{001DF865-B69B-499C-85E6-164ABDE69FA0}.Debug|iPhone.Deploy.0 = Debug|iPhone
		{001DF865-B69B-499C-85E6-164ABDE69FA0}.Debug|iPhoneSimulator.ActiveCfg = Debug|iPhoneSimulator
		{001DF865-B69B-499C-85E6-164ABDE69FA0}.Debug|iPhoneSimulator.Build.0 = Debug|iPhoneSimulator
		{001DF865-B69B-499C-85E6-164ABDE69FA0}.Debug|iPhoneSimulator.Deploy.0 = Debug|iPhoneSimulator
		{001DF865-B69B-499C-85E6-164ABDE69FA0}.Debug|x64.ActiveCfg = Debug|iPhone
		{001DF865-B69B-499C-85E6-164ABDE69FA0}.Debug|x64.Build.0 = Debug|iPhone
		{001DF865-B69B-499C-85E6-164ABDE69FA0}.Debug|x64.Deploy.0 = Debug|iPhone
		{001DF865-B69B-499C-85E6-164ABDE69FA0}.Debug|x86.ActiveCfg = Debug|iPhone
		{001DF865-B69B-499C-85E6-164ABDE69FA0}.Debug|x86.Build.0 = Debug|iPhone
		{001DF865-B69B-499C-85E6-164ABDE69FA0}.Debug|x86.Deploy.0 = Debug|iPhone
		{001DF865-B69B-499C-85E6-164ABDE69FA0}.Release|Any CPU.ActiveCfg = Release|iPhone
		{001DF865-B69B-499C-85E6-164ABDE69FA0}.Release|Any CPU.Build.0 = Release|iPhone
		{001DF865-B69B-499C-85E6-164ABDE69FA0}.Release|Any CPU.Deploy.0 = Release|iPhone
		{001DF865-B69B-499C-85E6-164ABDE69FA0}.Release|ARM.ActiveCfg = Release|iPhone
		{001DF865-B69B-499C-85E6-164ABDE69FA0}.Release|ARM.Build.0 = Release|iPhone
		{001DF865-B69B-499C-85E6-164ABDE69FA0}.Release|ARM.Deploy.0 = Release|iPhone
		{001DF865-B69B-499C-85E6-164ABDE69FA0}.Release|iPhone.ActiveCfg = Release|iPhone
		{001DF865-B69B-499C-85E6-164ABDE69FA0}.Release|iPhone.Build.0 = Release|iPhone
		{001DF865-B69B-499C-85E6-164ABDE69FA0}.Release|iPhone.Deploy.0 = Release|iPhone
		{001DF865-B69B-499C-85E6-164ABDE69FA0}.Release|iPhoneSimulator.ActiveCfg = Release|iPhoneSimulator
		{001DF865-B69B-499C-85E6-164ABDE69FA0}.Release|iPhoneSimulator.Build.0 = Release|iPhoneSimulator
		{001DF865-B69B-499C-85E6-164ABDE69FA0}.Release|iPhoneSimulator.Deploy.0 = Release|iPhoneSimulator
		{001DF865-B69B-499C-85E6-164ABDE69FA0}.Release|x64.ActiveCfg = Release|iPhone
		{001DF865-B69B-499C-85E6-164ABDE69FA0}.Release|x64.Build.0 = Release|iPhone
		{001DF865-B69B-499C-85E6-164ABDE69FA0}.Release|x64.Deploy.0 = Release|iPhone
		{001DF865-B69B-499C-85E6-164ABDE69FA0}.Release|x86.ActiveCfg = Release|iPhone
		{001DF865-B69B-499C-85E6-164ABDE69FA0}.Release|x86.Build.0 = Release|iPhone
		{001DF865-B69B-499C-85E6-164ABDE69FA0}.Release|x86.Deploy.0 = Release|iPhone
		{92294EFA-1143-4DC1-AAEA-FB4719E256FE}.Debug|Any CPU.ActiveCfg = Debug|Any CPU
		{92294EFA-1143-4DC1-AAEA-FB4719E256FE}.Debug|Any CPU.Build.0 = Debug|Any CPU
		{92294EFA-1143-4DC1-AAEA-FB4719E256FE}.Debug|Any CPU.Deploy.0 = Debug|Any CPU
		{92294EFA-1143-4DC1-AAEA-FB4719E256FE}.Debug|ARM.ActiveCfg = Debug|Any CPU
		{92294EFA-1143-4DC1-AAEA-FB4719E256FE}.Debug|ARM.Build.0 = Debug|Any CPU
		{92294EFA-1143-4DC1-AAEA-FB4719E256FE}.Debug|ARM.Deploy.0 = Debug|Any CPU
		{92294EFA-1143-4DC1-AAEA-FB4719E256FE}.Debug|iPhone.ActiveCfg = Debug|Any CPU
		{92294EFA-1143-4DC1-AAEA-FB4719E256FE}.Debug|iPhone.Build.0 = Debug|Any CPU
		{92294EFA-1143-4DC1-AAEA-FB4719E256FE}.Debug|iPhone.Deploy.0 = Debug|Any CPU
		{92294EFA-1143-4DC1-AAEA-FB4719E256FE}.Debug|iPhoneSimulator.ActiveCfg = Debug|Any CPU
		{92294EFA-1143-4DC1-AAEA-FB4719E256FE}.Debug|iPhoneSimulator.Build.0 = Debug|Any CPU
		{92294EFA-1143-4DC1-AAEA-FB4719E256FE}.Debug|iPhoneSimulator.Deploy.0 = Debug|Any CPU
		{92294EFA-1143-4DC1-AAEA-FB4719E256FE}.Debug|x64.ActiveCfg = Debug|Any CPU
		{92294EFA-1143-4DC1-AAEA-FB4719E256FE}.Debug|x64.Build.0 = Debug|Any CPU
		{92294EFA-1143-4DC1-AAEA-FB4719E256FE}.Debug|x64.Deploy.0 = Debug|Any CPU
		{92294EFA-1143-4DC1-AAEA-FB4719E256FE}.Debug|x86.ActiveCfg = Debug|Any CPU
		{92294EFA-1143-4DC1-AAEA-FB4719E256FE}.Debug|x86.Build.0 = Debug|Any CPU
		{92294EFA-1143-4DC1-AAEA-FB4719E256FE}.Debug|x86.Deploy.0 = Debug|Any CPU
		{92294EFA-1143-4DC1-AAEA-FB4719E256FE}.Release|Any CPU.ActiveCfg = Release|Any CPU
		{92294EFA-1143-4DC1-AAEA-FB4719E256FE}.Release|Any CPU.Build.0 = Release|Any CPU
		{92294EFA-1143-4DC1-AAEA-FB4719E256FE}.Release|Any CPU.Deploy.0 = Release|Any CPU
		{92294EFA-1143-4DC1-AAEA-FB4719E256FE}.Release|ARM.ActiveCfg = Release|Any CPU
		{92294EFA-1143-4DC1-AAEA-FB4719E256FE}.Release|ARM.Build.0 = Release|Any CPU
		{92294EFA-1143-4DC1-AAEA-FB4719E256FE}.Release|ARM.Deploy.0 = Release|Any CPU
		{92294EFA-1143-4DC1-AAEA-FB4719E256FE}.Release|iPhone.ActiveCfg = Release|Any CPU
		{92294EFA-1143-4DC1-AAEA-FB4719E256FE}.Release|iPhone.Build.0 = Release|Any CPU
		{92294EFA-1143-4DC1-AAEA-FB4719E256FE}.Release|iPhone.Deploy.0 = Release|Any CPU
		{92294EFA-1143-4DC1-AAEA-FB4719E256FE}.Release|iPhoneSimulator.ActiveCfg = Release|Any CPU
		{92294EFA-1143-4DC1-AAEA-FB4719E256FE}.Release|iPhoneSimulator.Build.0 = Release|Any CPU
		{92294EFA-1143-4DC1-AAEA-FB4719E256FE}.Release|iPhoneSimulator.Deploy.0 = Release|Any CPU
		{92294EFA-1143-4DC1-AAEA-FB4719E256FE}.Release|x64.ActiveCfg = Release|Any CPU
		{92294EFA-1143-4DC1-AAEA-FB4719E256FE}.Release|x64.Build.0 = Release|Any CPU
		{92294EFA-1143-4DC1-AAEA-FB4719E256FE}.Release|x64.Deploy.0 = Release|Any CPU
		{92294EFA-1143-4DC1-AAEA-FB4719E256FE}.Release|x86.ActiveCfg = Release|Any CPU
		{92294EFA-1143-4DC1-AAEA-FB4719E256FE}.Release|x86.Build.0 = Release|Any CPU
		{92294EFA-1143-4DC1-AAEA-FB4719E256FE}.Release|x86.Deploy.0 = Release|Any CPU
	EndGlobalSection
	GlobalSection(SolutionProperties) = preSolution
		HideSolutionNode = FALSE
	EndGlobalSection
	GlobalSection(ExtensibilityGlobals) = postSolution
		SolutionGuid = {B206FBCF-9D3B-4EB7-A7C0-D5E038166DB7}
	EndGlobalSection
EndGlobal
